{
  "name": "pi-agent-flow",
  "version": "0.1.0",
  "lockfileVersion": 3,
  "requires": true,
  "packages": {
    "": {
      "name": "pi-agent-flow",
      "version": "0.1.0",
      "license": "MIT",
      "devDependencies": {
        "typescript": "^5.0.0"
      },
      "engines": {
        "node": ">=18"
      },
      "peerDependencies": {
        "@mariozechner/pi-agent-core": ">=0.37.0",
        "@mariozechner/pi-ai": ">=0.37.0",
        "@mariozechner/pi-coding-agent": ">=0.37.0",
        "@mariozechner/pi-tui": ">=0.37.0",
        "@sinclair/typebox": ">=0.34.0"
      },
      "peerDependenciesMeta": {
        "@mariozechner/pi-agent-core": {
          "optional": true
        },
        "@mariozechner/pi-ai": {
          "optional": true
        },
        "@mariozechner/pi-coding-agent": {
          "optional": true
        },
        "@mariozechner/pi-tui": {
          "optional": true
        },
        "@sinclair/typebox": {
          "optional": true
        }
      }
    },
    "node_modules/typescript": {
      "version": "5.9.3",
      "resolved": "https://registry.npmjs.org/typescript/-/typescript-5.9.3.tgz",
      "integrity": "sha512-jl1vZzPDinLr9eUt3J/t7V6FgNEw9QjvBPdysz9KfQDD41fQrC2Y4vKQdiaUpFT4bXlb1RHhLpp8wtm6M5TgSw==",
      "dev": true,
      "license": "Apache-2.0",
      "bin": {
        "tsc": "bin/tsc",
        "tsserver": "bin/tsserver"
      },
      "engines": {
        "node": ">=14.17"
      }
    }
  }
}
